{
  "requires": true,
  "lockfileVersion": 1,
  "dependencies": {
    "charming": {
      "version": "2.2.4",
      "resolved": "https://registry.npmjs.org/charming/-/charming-2.2.4.tgz",
      "integrity": "sha512-efh7qaTFV5oteLdiZGlqBmxDyyHH5ys/T4qhc5vrkzDS5s8ONtnBG4NUYoIgZX9GgifmxHMo7cL1Tb3ibICkpw=="
    }
  }
}
